// !$*UTF8*$!
{
	archiveVersion = 1;
	classes = {
	};
	objectVersion = 70;
	objects = {

/* Begin PBXBuildFile section */
		171A69C32BF2F3D300AF276B /* ShowRepoDetail.swift in Sources */ = {isa = PBXBuildFile; fileRef = 171A69C22BF2F3D300AF276B /* ShowRepoDetail.swift */; };
		171A69C52BF2F48400AF276B /* ReposViewModelTests.swift in Sources */ = {isa = PBXBuildFile; fileRef = 171A69C42BF2F48400AF276B /* ReposViewModelTests.swift */; };
		171A69C72BF2F6F000AF276B /* MockRepoGateway.swift in Sources */ = {isa = PBXBuildFile; fileRef = 171A69C62BF2F6F000AF276B /* MockRepoGateway.swift */; };
		17259CC62C9971DD00380502 /* Storyboards+Main.swift in Sources */ = {isa = PBXBuildFile; fileRef = 17259CC52C9971DD00380502 /* Storyboards+Main.swift */; };
		17259CC82C99720D00380502 /* Storyboards+Repo.swift in Sources */ = {isa = PBXBuildFile; fileRef = 17259CC72C99720D00380502 /* Storyboards+Repo.swift */; };
		1734926024C539220014F87E /* ProductsView.swift in Sources */ = {isa = PBXBuildFile; fileRef = 1734925F24C539220014F87E /* ProductsView.swift */; };
		1734926524C59D2A0014F87E /* AppError.swift in Sources */ = {isa = PBXBuildFile; fileRef = 1734926424C59D2A0014F87E /* AppError.swift */; };
		173865A124D3BB470059E3AD /* Repo.swift in Sources */ = {isa = PBXBuildFile; fileRef = 173865A024D3BB470059E3AD /* Repo.swift */; };
		173865B224D419700059E3AD /* ViewModel+FetchPage.swift in Sources */ = {isa = PBXBuildFile; fileRef = 173865B124D419700059E3AD /* ViewModel+FetchPage.swift */; };
		1742B36324D7B00000C82D15 /* GetRepoList.swift in Sources */ = {isa = PBXBuildFile; fileRef = 1742B36224D7B00000C82D15 /* GetRepoList.swift */; };
		1742B36524D7B01600C82D15 /* RepoGateway.swift in Sources */ = {isa = PBXBuildFile; fileRef = 1742B36424D7B01600C82D15 /* RepoGateway.swift */; };
		1742B36E24D7B22B00C82D15 /* ReposViewController.swift in Sources */ = {isa = PBXBuildFile; fileRef = 1742B36924D7B22B00C82D15 /* ReposViewController.swift */; };
		1742B37124D7B45C00C82D15 /* UIViewController+Debug.swift in Sources */ = {isa = PBXBuildFile; fileRef = 1742B37024D7B45C00C82D15 /* UIViewController+Debug.swift */; };
		1742B37424D7B6F300C82D15 /* Repo.storyboard in Resources */ = {isa = PBXBuildFile; fileRef = 1742B37324D7B6F300C82D15 /* Repo.storyboard */; };
		1742B37624D7B82C00C82D15 /* ShowRepoList.swift in Sources */ = {isa = PBXBuildFile; fileRef = 1742B37524D7B82C00C82D15 /* ShowRepoList.swift */; };
		1742B37824D7C48400C82D15 /* RepoItemViewModel.swift in Sources */ = {isa = PBXBuildFile; fileRef = 1742B37724D7C48400C82D15 /* RepoItemViewModel.swift */; };
		1742B37B24D7E88900C82D15 /* AlertMessage.swift in Sources */ = {isa = PBXBuildFile; fileRef = 1742B37A24D7E88900C82D15 /* AlertMessage.swift */; };
		1742B37E24D7F52D00C82D15 /* RepoCell.swift in Sources */ = {isa = PBXBuildFile; fileRef = 1742B37C24D7F52D00C82D15 /* RepoCell.swift */; };
		1742B37F24D7F52D00C82D15 /* RepoCell.xib in Resources */ = {isa = PBXBuildFile; fileRef = 1742B37D24D7F52D00C82D15 /* RepoCell.xib */; };
		1742B38124D7F66400C82D15 /* UIImageView+SDWebImage.swift in Sources */ = {isa = PBXBuildFile; fileRef = 1742B38024D7F66400C82D15 /* UIImageView+SDWebImage.swift */; };
		1745D6FA24E0F130009B0608 /* XCTestCase+.swift in Sources */ = {isa = PBXBuildFile; fileRef = 1745D6F924E0F130009B0608 /* XCTestCase+.swift */; };
		1745D70524E2489D009B0608 /* LogInTests.swift in Sources */ = {isa = PBXBuildFile; fileRef = 1745D70424E2489D009B0608 /* LogInTests.swift */; };
		1745D70924E2496C009B0608 /* MockAuthGateway.swift in Sources */ = {isa = PBXBuildFile; fileRef = 1745D70824E2496C009B0608 /* MockAuthGateway.swift */; };
		1745D71024E24B22009B0608 /* ProductsViewModelTests.swift in Sources */ = {isa = PBXBuildFile; fileRef = 1745D70C24E24B22009B0608 /* ProductsViewModelTests.swift */; };
		1745D71424E25378009B0608 /* TestError.swift in Sources */ = {isa = PBXBuildFile; fileRef = 1745D71324E25378009B0608 /* TestError.swift */; };
		174A188A24C81EEA00AB39D9 /* SwiftUIRefresh in Frameworks */ = {isa = PBXBuildFile; productRef = 174A188924C81EEA00AB39D9 /* SwiftUIRefresh */; };
		174A188D24C8219300AB39D9 /* ActivityIndicatorView.swift in Sources */ = {isa = PBXBuildFile; fileRef = 174A188C24C8219300AB39D9 /* ActivityIndicatorView.swift */; };
		174A188F24C821B600AB39D9 /* LoadingView.swift in Sources */ = {isa = PBXBuildFile; fileRef = 174A188E24C821B600AB39D9 /* LoadingView.swift */; };
		1759362A2C5A2B2300500DD7 /* ViewModel+FetchList.swift in Sources */ = {isa = PBXBuildFile; fileRef = 175936292C5A2B2200500DD7 /* ViewModel+FetchList.swift */; };
		175F97D32BF3258E00A3AEF4 /* MockProductGateway.swift in Sources */ = {isa = PBXBuildFile; fileRef = 175F97D22BF3258E00A3AEF4 /* MockProductGateway.swift */; };
		1765B2CC24C68D940096D210 /* CancelBag.swift in Sources */ = {isa = PBXBuildFile; fileRef = 1765B2CB24C68D940096D210 /* CancelBag.swift */; };
		1765B2CE24C6A79F0096D210 /* ProductDetailView.swift in Sources */ = {isa = PBXBuildFile; fileRef = 1765B2CD24C6A79F0096D210 /* ProductDetailView.swift */; };
		1765B2D124C6D5550096D210 /* ShowProductDetail.swift in Sources */ = {isa = PBXBuildFile; fileRef = 1765B2D024C6D5550096D210 /* ShowProductDetail.swift */; };
		1765B2D324C6D6D40096D210 /* ProductRow.swift in Sources */ = {isa = PBXBuildFile; fileRef = 1765B2D224C6D6D40096D210 /* ProductRow.swift */; };
		1765B2D524C6DF8B0096D210 /* ProductItemViewModel.swift in Sources */ = {isa = PBXBuildFile; fileRef = 1765B2D424C6DF8B0096D210 /* ProductItemViewModel.swift */; };
		176BAA3E24D10F7500324D3C /* MainViewController.swift in Sources */ = {isa = PBXBuildFile; fileRef = 176BAA3D24D10F7500324D3C /* MainViewController.swift */; };
		176BAA4124D1150700324D3C /* Reusable in Frameworks */ = {isa = PBXBuildFile; productRef = 176BAA4024D1150700324D3C /* Reusable */; };
		176BAA4424D1154300324D3C /* Main.storyboard in Resources */ = {isa = PBXBuildFile; fileRef = 176BAA4324D1154300324D3C /* Main.storyboard */; };
		176BAA4624D1154F00324D3C /* Storyboards.swift in Sources */ = {isa = PBXBuildFile; fileRef = 176BAA4524D1154F00324D3C /* Storyboards.swift */; };
		176BAA4824D130B800324D3C /* Bindable.swift in Sources */ = {isa = PBXBuildFile; fileRef = 176BAA4724D130B800324D3C /* Bindable.swift */; };
		176BAA4B24D1319C00324D3C /* MenuCell.swift in Sources */ = {isa = PBXBuildFile; fileRef = 176BAA4924D1319C00324D3C /* MenuCell.swift */; };
		176BAA4C24D1319C00324D3C /* MenuCell.xib in Resources */ = {isa = PBXBuildFile; fileRef = 176BAA4A24D1319C00324D3C /* MenuCell.xib */; };
		176BAA4F24D1326100324D3C /* Then in Frameworks */ = {isa = PBXBuildFile; productRef = 176BAA4E24D1326100324D3C /* Then */; };
		176BAA5124D1483200324D3C /* ShowProductList.swift in Sources */ = {isa = PBXBuildFile; fileRef = 176BAA5024D1483200324D3C /* ShowProductList.swift */; };
		176BAA5524D158BC00324D3C /* LoginView.swift in Sources */ = {isa = PBXBuildFile; fileRef = 176BAA5424D158BC00324D3C /* LoginView.swift */; };
		176BAA5824D167A400324D3C /* LogIn.swift in Sources */ = {isa = PBXBuildFile; fileRef = 176BAA5724D167A400324D3C /* LogIn.swift */; };
		176BAA5A24D16BAE00324D3C /* ShowLogin.swift in Sources */ = {isa = PBXBuildFile; fileRef = 176BAA5924D16BAE00324D3C /* ShowLogin.swift */; };
		176BAA5C24D175C200324D3C /* AuthGateway.swift in Sources */ = {isa = PBXBuildFile; fileRef = 176BAA5B24D175C200324D3C /* AuthGateway.swift */; };
		176BAA5F24D2690300324D3C /* Alamofire in Frameworks */ = {isa = PBXBuildFile; productRef = 176BAA5E24D2690300324D3C /* Alamofire */; };
		1770EC2824DAA55B0022FBFE /* PagingCollectionView.swift in Sources */ = {isa = PBXBuildFile; fileRef = 1770EC2724DAA55B0022FBFE /* PagingCollectionView.swift */; };
		1770EC2B24DAA5ED0022FBFE /* RepoCollectionViewController.swift in Sources */ = {isa = PBXBuildFile; fileRef = 1770EC2A24DAA5ED0022FBFE /* RepoCollectionViewController.swift */; };
		1770EC2E24DAA6570022FBFE /* RepoCollectionCell.swift in Sources */ = {isa = PBXBuildFile; fileRef = 1770EC2C24DAA6570022FBFE /* RepoCollectionCell.swift */; };
		1770EC2F24DAA6570022FBFE /* RepoCollectionCell.xib in Resources */ = {isa = PBXBuildFile; fileRef = 1770EC2D24DAA6570022FBFE /* RepoCollectionCell.xib */; };
		1770EC3124DAA7940022FBFE /* ColorCompatibility.swift in Sources */ = {isa = PBXBuildFile; fileRef = 1770EC3024DAA7940022FBFE /* ColorCompatibility.swift */; };
		1770EC3324DAA9AC0022FBFE /* ShowRepoCollection.swift in Sources */ = {isa = PBXBuildFile; fileRef = 1770EC3224DAA9AC0022FBFE /* ShowRepoCollection.swift */; };
		1770EC4324DD2F2F0022FBFE /* LoadingState.swift in Sources */ = {isa = PBXBuildFile; fileRef = 1770EC4224DD2F2F0022FBFE /* LoadingState.swift */; };
		1781CF4424BD8FB8004ED1C6 /* ProductDetailViewModel.swift in Sources */ = {isa = PBXBuildFile; fileRef = 1781CF3F24BD8FB8004ED1C6 /* ProductDetailViewModel.swift */; };
		178722F724BD537D00D90F8E /* AppDelegate.swift in Sources */ = {isa = PBXBuildFile; fileRef = 178722F624BD537D00D90F8E /* AppDelegate.swift */; };
		178722F924BD537D00D90F8E /* SceneDelegate.swift in Sources */ = {isa = PBXBuildFile; fileRef = 178722F824BD537D00D90F8E /* SceneDelegate.swift */; };
		178722FB24BD537D00D90F8E /* ContentView.swift in Sources */ = {isa = PBXBuildFile; fileRef = 178722FA24BD537D00D90F8E /* ContentView.swift */; };
		178722FD24BD537E00D90F8E /* Assets.xcassets in Resources */ = {isa = PBXBuildFile; fileRef = 178722FC24BD537E00D90F8E /* Assets.xcassets */; };
		1787230024BD537E00D90F8E /* Preview Assets.xcassets in Resources */ = {isa = PBXBuildFile; fileRef = 178722FF24BD537E00D90F8E /* Preview Assets.xcassets */; };
		1787230324BD537E00D90F8E /* LaunchScreen.storyboard in Resources */ = {isa = PBXBuildFile; fileRef = 1787230124BD537E00D90F8E /* LaunchScreen.storyboard */; };
		1787231C24BD53BF00D90F8E /* ViewModel.swift in Sources */ = {isa = PBXBuildFile; fileRef = 1787231B24BD53BF00D90F8E /* ViewModel.swift */; };
		1787234224BD556E00D90F8E /* LoginViewModel.swift in Sources */ = {isa = PBXBuildFile; fileRef = 1787233D24BD556E00D90F8E /* LoginViewModel.swift */; };
		1787234D24BD560500D90F8E /* MainViewModel.swift in Sources */ = {isa = PBXBuildFile; fileRef = 1787234824BD560500D90F8E /* MainViewModel.swift */; };
		1787235324BD56E400D90F8E /* Product.swift in Sources */ = {isa = PBXBuildFile; fileRef = 1787235224BD56E400D90F8E /* Product.swift */; };
		1787235624BD571500D90F8E /* GetProducts.swift in Sources */ = {isa = PBXBuildFile; fileRef = 1787235524BD571500D90F8E /* GetProducts.swift */; };
		1787235824BD575E00D90F8E /* PagingInfo.swift in Sources */ = {isa = PBXBuildFile; fileRef = 1787235724BD575E00D90F8E /* PagingInfo.swift */; };
		1787235B24BD578500D90F8E /* ProductGateway.swift in Sources */ = {isa = PBXBuildFile; fileRef = 1787235A24BD578500D90F8E /* ProductGateway.swift */; };
		1787236824BD5EC700D90F8E /* ProductsViewModel.swift in Sources */ = {isa = PBXBuildFile; fileRef = 1787236324BD5EC700D90F8E /* ProductsViewModel.swift */; };
		178809AC24C0446B00002215 /* ErrorTracker.swift in Sources */ = {isa = PBXBuildFile; fileRef = 178809AB24C0446B00002215 /* ErrorTracker.swift */; };
		178809AE24C04A7E00002215 /* ActivityIndicator.swift in Sources */ = {isa = PBXBuildFile; fileRef = 178809AD24C04A7E00002215 /* ActivityIndicator.swift */; };
		17993E8F2B6B34060008DCD0 /* ReposViewModel.swift in Sources */ = {isa = PBXBuildFile; fileRef = 17993E8E2B6B34060008DCD0 /* ReposViewModel.swift */; };
		17A5B1F224D804DA004BD209 /* UIViewController+.swift in Sources */ = {isa = PBXBuildFile; fileRef = 17A5B1F124D804DA004BD209 /* UIViewController+.swift */; };
		17A5B1F424D8080B004BD209 /* UIViewController+Combine.swift in Sources */ = {isa = PBXBuildFile; fileRef = 17A5B1F324D8080B004BD209 /* UIViewController+Combine.swift */; };
		17A5B1F624D81561004BD209 /* GenericSubscriber.swift in Sources */ = {isa = PBXBuildFile; fileRef = 17A5B1F524D81561004BD209 /* GenericSubscriber.swift */; };
		17A5B1F824D9026D004BD209 /* BaseViewController.swift in Sources */ = {isa = PBXBuildFile; fileRef = 17A5B1F724D9026D004BD209 /* BaseViewController.swift */; };
		17A5B1FC24D948BC004BD209 /* PagingTableView.swift in Sources */ = {isa = PBXBuildFile; fileRef = 17A5B1FB24D948BC004BD209 /* PagingTableView.swift */; };
		17A5B1FF24D9514B004BD209 /* RefreshFooterAnimator.swift in Sources */ = {isa = PBXBuildFile; fileRef = 17A5B1FE24D9514B004BD209 /* RefreshFooterAnimator.swift */; };
		17A5B20124D95168004BD209 /* RefreshHeaderAnimator.swift in Sources */ = {isa = PBXBuildFile; fileRef = 17A5B20024D95168004BD209 /* RefreshHeaderAnimator.swift */; };
		17A5B20424D962B0004BD209 /* CombineExt in Frameworks */ = {isa = PBXBuildFile; productRef = 17A5B20324D962B0004BD209 /* CombineExt */; };
		17A5B20724D962CB004BD209 /* CombineCocoa in Frameworks */ = {isa = PBXBuildFile; productRef = 17A5B20624D962CB004BD209 /* CombineCocoa */; };
		17CB2EAB2C2BEC3000D6DD37 /* APIService in Frameworks */ = {isa = PBXBuildFile; productRef = 17CB2EAA2C2BEC3000D6DD37 /* APIService */; };
		17CB2EAD2C2BEEEC00D6DD37 /* GitEndpoint.swift in Sources */ = {isa = PBXBuildFile; fileRef = 17CB2EAC2C2BEEEC00D6DD37 /* GitEndpoint.swift */; };
		17DCF1B624BEE76800D970B4 /* Driver.swift in Sources */ = {isa = PBXBuildFile; fileRef = 17DCF1B524BEE76800D970B4 /* Driver.swift */; };
		17DCF1B924BF01ED00D970B4 /* Publisher+.swift in Sources */ = {isa = PBXBuildFile; fileRef = 17DCF1B824BF01ED00D970B4 /* Publisher+.swift */; };
		17DCF1BB24BF028200D970B4 /* Double+.swift in Sources */ = {isa = PBXBuildFile; fileRef = 17DCF1BA24BF028200D970B4 /* Double+.swift */; };
		17DFFF6E2C7EFAC30030F118 /* ViewDidLoadModifier.swift in Sources */ = {isa = PBXBuildFile; fileRef = 17DFFF6D2C7EFAC30030F118 /* ViewDidLoadModifier.swift */; };
		17EB516D2C61CEFC004D6ED1 /* ViewModel+FetchItem.swift in Sources */ = {isa = PBXBuildFile; fileRef = 173865AF24D40FBE0059E3AD /* ViewModel+FetchItem.swift */; };
		17FEE64C2BF70C2E00E66C77 /* MainViewModelTests.swift in Sources */ = {isa = PBXBuildFile; fileRef = 1745D6FD24E0F295009B0608 /* MainViewModelTests.swift */; };
		17FEE64D2BF70C4600E66C77 /* MainViewControllerTests.swift in Sources */ = {isa = PBXBuildFile; fileRef = 1745D6FC24E0F295009B0608 /* MainViewControllerTests.swift */; };
		17FEE64F2BF70D3200E66C77 /* Observable.swift in Sources */ = {isa = PBXBuildFile; fileRef = 17FEE64E2BF70D3200E66C77 /* Observable.swift */; };
		17FEE6512BF72E3100E66C77 /* ValidationResult.swift in Sources */ = {isa = PBXBuildFile; fileRef = 17FEE6502BF72E3100E66C77 /* ValidationResult.swift */; };
		17FEE6532BF72E8B00E66C77 /* ValidationError.swift in Sources */ = {isa = PBXBuildFile; fileRef = 17FEE6522BF72E8B00E66C77 /* ValidationError.swift */; };
		17FFEFF92B6A225F00008867 /* Factory in Frameworks */ = {isa = PBXBuildFile; productRef = 17FFEFF82B6A225F00008867 /* Factory */; };
		1B425EAA24FF8D1A000F7F6B /* SDWebImage in Frameworks */ = {isa = PBXBuildFile; productRef = 1B425EA924FF8D1A000F7F6B /* SDWebImage */; };
		1B425EAC24FF8D1A000F7F6B /* SDWebImageMapKit in Frameworks */ = {isa = PBXBuildFile; productRef = 1B425EAB24FF8D1A000F7F6B /* SDWebImageMapKit */; };
		1B425EAF24FF9058000F7F6B /* ESPullToRefresh in Frameworks */ = {isa = PBXBuildFile; productRef = 1B425EAE24FF9058000F7F6B /* ESPullToRefresh */; };
		1BD163F124FF8CA700EBC063 /* MBProgressHUD in Frameworks */ = {isa = PBXBuildFile; productRef = 1BD163F024FF8CA700EBC063 /* MBProgressHUD */; };
/* End PBXBuildFile section */

/* Begin PBXContainerItemProxy section */
		1773B0312C980E8D00575110 /* PBXContainerItemProxy */ = {
			isa = PBXContainerItemProxy;
			containerPortal = 178722EB24BD537D00D90F8E /* Project object */;
			proxyType = 1;
			remoteGlobalIDString = 178722F224BD537D00D90F8E;
			remoteInfo = CleanArchitecture;
		};
		1787230A24BD537E00D90F8E /* PBXContainerItemProxy */ = {
			isa = PBXContainerItemProxy;
			containerPortal = 178722EB24BD537D00D90F8E /* Project object */;
			proxyType = 1;
			remoteGlobalIDString = 178722F224BD537D00D90F8E;
			remoteInfo = CleanArchitecture;
		};
/* End PBXContainerItemProxy section */

/* Begin PBXFileReference section */
		171A69C22BF2F3D300AF276B /* ShowRepoDetail.swift */ = {isa = PBXFileReference; lastKnownFileType = sourcecode.swift; path = ShowRepoDetail.swift; sourceTree = "<group>"; };
		171A69C42BF2F48400AF276B /* ReposViewModelTests.swift */ = {isa = PBXFileReference; lastKnownFileType = sourcecode.swift; path = ReposViewModelTests.swift; sourceTree = "<group>"; };
		171A69C62BF2F6F000AF276B /* MockRepoGateway.swift */ = {isa = PBXFileReference; lastKnownFileType = sourcecode.swift; path = MockRepoGateway.swift; sourceTree = "<group>"; };
		17259CC52C9971DD00380502 /* Storyboards+Main.swift */ = {isa = PBXFileReference; lastKnownFileType = sourcecode.swift; path = "Storyboards+Main.swift"; sourceTree = "<group>"; };
		17259CC72C99720D00380502 /* Storyboards+Repo.swift */ = {isa = PBXFileReference; lastKnownFileType = sourcecode.swift; path = "Storyboards+Repo.swift"; sourceTree = "<group>"; };
		1734925F24C539220014F87E /* ProductsView.swift */ = {isa = PBXFileReference; lastKnownFileType = sourcecode.swift; path = ProductsView.swift; sourceTree = "<group>"; };
		1734926424C59D2A0014F87E /* AppError.swift */ = {isa = PBXFileReference; lastKnownFileType = sourcecode.swift; path = AppError.swift; sourceTree = "<group>"; };
		173865A024D3BB470059E3AD /* Repo.swift */ = {isa = PBXFileReference; lastKnownFileType = sourcecode.swift; path = Repo.swift; sourceTree = "<group>"; };
		173865AF24D40FBE0059E3AD /* ViewModel+FetchItem.swift */ = {isa = PBXFileReference; lastKnownFileType = sourcecode.swift; path = "ViewModel+FetchItem.swift"; sourceTree = "<group>"; };
		173865B124D419700059E3AD /* ViewModel+FetchPage.swift */ = {isa = PBXFileReference; lastKnownFileType = sourcecode.swift; path = "ViewModel+FetchPage.swift"; sourceTree = "<group>"; };
		1742B36224D7B00000C82D15 /* GetRepoList.swift */ = {isa = PBXFileReference; lastKnownFileType = sourcecode.swift; path = GetRepoList.swift; sourceTree = "<group>"; };
		1742B36424D7B01600C82D15 /* RepoGateway.swift */ = {isa = PBXFileReference; lastKnownFileType = sourcecode.swift; path = RepoGateway.swift; sourceTree = "<group>"; };
		1742B36924D7B22B00C82D15 /* ReposViewController.swift */ = {isa = PBXFileReference; lastKnownFileType = sourcecode.swift; path = ReposViewController.swift; sourceTree = "<group>"; };
		1742B37024D7B45C00C82D15 /* UIViewController+Debug.swift */ = {isa = PBXFileReference; lastKnownFileType = sourcecode.swift; path = "UIViewController+Debug.swift"; sourceTree = "<group>"; };
		1742B37324D7B6F300C82D15 /* Repo.storyboard */ = {isa = PBXFileReference; lastKnownFileType = file.storyboard; path = Repo.storyboard; sourceTree = "<group>"; };
		1742B37524D7B82C00C82D15 /* ShowRepoList.swift */ = {isa = PBXFileReference; lastKnownFileType = sourcecode.swift; path = ShowRepoList.swift; sourceTree = "<group>"; };
		1742B37724D7C48400C82D15 /* RepoItemViewModel.swift */ = {isa = PBXFileReference; lastKnownFileType = sourcecode.swift; path = RepoItemViewModel.swift; sourceTree = "<group>"; };
		1742B37A24D7E88900C82D15 /* AlertMessage.swift */ = {isa = PBXFileReference; lastKnownFileType = sourcecode.swift; path = AlertMessage.swift; sourceTree = "<group>"; };
		1742B37C24D7F52D00C82D15 /* RepoCell.swift */ = {isa = PBXFileReference; lastKnownFileType = sourcecode.swift; path = RepoCell.swift; sourceTree = "<group>"; };
		1742B37D24D7F52D00C82D15 /* RepoCell.xib */ = {isa = PBXFileReference; lastKnownFileType = file.xib; path = RepoCell.xib; sourceTree = "<group>"; };
		1742B38024D7F66400C82D15 /* UIImageView+SDWebImage.swift */ = {isa = PBXFileReference; lastKnownFileType = sourcecode.swift; path = "UIImageView+SDWebImage.swift"; sourceTree = "<group>"; };
		1745D6F924E0F130009B0608 /* XCTestCase+.swift */ = {isa = PBXFileReference; lastKnownFileType = sourcecode.swift; path = "XCTestCase+.swift"; sourceTree = "<group>"; };
		1745D6FC24E0F295009B0608 /* MainViewControllerTests.swift */ = {isa = PBXFileReference; lastKnownFileType = sourcecode.swift; path = MainViewControllerTests.swift; sourceTree = "<group>"; };
		1745D6FD24E0F295009B0608 /* MainViewModelTests.swift */ = {isa = PBXFileReference; lastKnownFileType = sourcecode.swift; path = MainViewModelTests.swift; sourceTree = "<group>"; };
		1745D70424E2489D009B0608 /* LogInTests.swift */ = {isa = PBXFileReference; lastKnownFileType = sourcecode.swift; path = LogInTests.swift; sourceTree = "<group>"; };
		1745D70824E2496C009B0608 /* MockAuthGateway.swift */ = {isa = PBXFileReference; lastKnownFileType = sourcecode.swift; path = MockAuthGateway.swift; sourceTree = "<group>"; };
		1745D70C24E24B22009B0608 /* ProductsViewModelTests.swift */ = {isa = PBXFileReference; lastKnownFileType = sourcecode.swift; path = ProductsViewModelTests.swift; sourceTree = "<group>"; };
		1745D71324E25378009B0608 /* TestError.swift */ = {isa = PBXFileReference; lastKnownFileType = sourcecode.swift; path = TestError.swift; sourceTree = "<group>"; };
		174A188C24C8219300AB39D9 /* ActivityIndicatorView.swift */ = {isa = PBXFileReference; lastKnownFileType = sourcecode.swift; path = ActivityIndicatorView.swift; sourceTree = "<group>"; };
		174A188E24C821B600AB39D9 /* LoadingView.swift */ = {isa = PBXFileReference; lastKnownFileType = sourcecode.swift; path = LoadingView.swift; sourceTree = "<group>"; };
		175936292C5A2B2200500DD7 /* ViewModel+FetchList.swift */ = {isa = PBXFileReference; fileEncoding = 4; lastKnownFileType = sourcecode.swift; path = "ViewModel+FetchList.swift"; sourceTree = "<group>"; };
		175F97D22BF3258E00A3AEF4 /* MockProductGateway.swift */ = {isa = PBXFileReference; lastKnownFileType = sourcecode.swift; path = MockProductGateway.swift; sourceTree = "<group>"; };
		1765B2CB24C68D940096D210 /* CancelBag.swift */ = {isa = PBXFileReference; lastKnownFileType = sourcecode.swift; path = CancelBag.swift; sourceTree = "<group>"; };
		1765B2CD24C6A79F0096D210 /* ProductDetailView.swift */ = {isa = PBXFileReference; lastKnownFileType = sourcecode.swift; path = ProductDetailView.swift; sourceTree = "<group>"; };
		1765B2D024C6D5550096D210 /* ShowProductDetail.swift */ = {isa = PBXFileReference; lastKnownFileType = sourcecode.swift; path = ShowProductDetail.swift; sourceTree = "<group>"; };
		1765B2D224C6D6D40096D210 /* ProductRow.swift */ = {isa = PBXFileReference; lastKnownFileType = sourcecode.swift; path = ProductRow.swift; sourceTree = "<group>"; };
		1765B2D424C6DF8B0096D210 /* ProductItemViewModel.swift */ = {isa = PBXFileReference; lastKnownFileType = sourcecode.swift; path = ProductItemViewModel.swift; sourceTree = "<group>"; };
		176BAA3D24D10F7500324D3C /* MainViewController.swift */ = {isa = PBXFileReference; lastKnownFileType = sourcecode.swift; path = MainViewController.swift; sourceTree = "<group>"; };
		176BAA4324D1154300324D3C /* Main.storyboard */ = {isa = PBXFileReference; lastKnownFileType = file.storyboard; path = Main.storyboard; sourceTree = "<group>"; };
		176BAA4524D1154F00324D3C /* Storyboards.swift */ = {isa = PBXFileReference; lastKnownFileType = sourcecode.swift; path = Storyboards.swift; sourceTree = "<group>"; };
		176BAA4724D130B800324D3C /* Bindable.swift */ = {isa = PBXFileReference; lastKnownFileType = sourcecode.swift; path = Bindable.swift; sourceTree = "<group>"; };
		176BAA4924D1319C00324D3C /* MenuCell.swift */ = {isa = PBXFileReference; lastKnownFileType = sourcecode.swift; path = MenuCell.swift; sourceTree = "<group>"; };
		176BAA4A24D1319C00324D3C /* MenuCell.xib */ = {isa = PBXFileReference; lastKnownFileType = file.xib; path = MenuCell.xib; sourceTree = "<group>"; };
		176BAA5024D1483200324D3C /* ShowProductList.swift */ = {isa = PBXFileReference; lastKnownFileType = sourcecode.swift; path = ShowProductList.swift; sourceTree = "<group>"; };
		176BAA5424D158BC00324D3C /* LoginView.swift */ = {isa = PBXFileReference; lastKnownFileType = sourcecode.swift; path = LoginView.swift; sourceTree = "<group>"; };
		176BAA5724D167A400324D3C /* LogIn.swift */ = {isa = PBXFileReference; lastKnownFileType = sourcecode.swift; path = LogIn.swift; sourceTree = "<group>"; };
		176BAA5924D16BAE00324D3C /* ShowLogin.swift */ = {isa = PBXFileReference; lastKnownFileType = sourcecode.swift; path = ShowLogin.swift; sourceTree = "<group>"; };
		176BAA5B24D175C200324D3C /* AuthGateway.swift */ = {isa = PBXFileReference; lastKnownFileType = sourcecode.swift; path = AuthGateway.swift; sourceTree = "<group>"; };
		1770EC2724DAA55B0022FBFE /* PagingCollectionView.swift */ = {isa = PBXFileReference; lastKnownFileType = sourcecode.swift; path = PagingCollectionView.swift; sourceTree = "<group>"; };
		1770EC2A24DAA5ED0022FBFE /* RepoCollectionViewController.swift */ = {isa = PBXFileReference; lastKnownFileType = sourcecode.swift; path = RepoCollectionViewController.swift; sourceTree = "<group>"; };
		1770EC2C24DAA6570022FBFE /* RepoCollectionCell.swift */ = {isa = PBXFileReference; lastKnownFileType = sourcecode.swift; path = RepoCollectionCell.swift; sourceTree = "<group>"; };
		1770EC2D24DAA6570022FBFE /* RepoCollectionCell.xib */ = {isa = PBXFileReference; lastKnownFileType = file.xib; path = RepoCollectionCell.xib; sourceTree = "<group>"; };
		1770EC3024DAA7940022FBFE /* ColorCompatibility.swift */ = {isa = PBXFileReference; lastKnownFileType = sourcecode.swift; path = ColorCompatibility.swift; sourceTree = "<group>"; };
		1770EC3224DAA9AC0022FBFE /* ShowRepoCollection.swift */ = {isa = PBXFileReference; lastKnownFileType = sourcecode.swift; path = ShowRepoCollection.swift; sourceTree = "<group>"; };
		1770EC4224DD2F2F0022FBFE /* LoadingState.swift */ = {isa = PBXFileReference; lastKnownFileType = sourcecode.swift; path = LoadingState.swift; sourceTree = "<group>"; };
		1773B02B2C980E8D00575110 /* CleanArchitectureExampleUITests.xctest */ = {isa = PBXFileReference; explicitFileType = wrapper.cfbundle; includeInIndex = 0; path = CleanArchitectureExampleUITests.xctest; sourceTree = BUILT_PRODUCTS_DIR; };
		1781CF3F24BD8FB8004ED1C6 /* ProductDetailViewModel.swift */ = {isa = PBXFileReference; lastKnownFileType = sourcecode.swift; path = ProductDetailViewModel.swift; sourceTree = "<group>"; };
		178722F324BD537D00D90F8E /* CleanArchitectureExample.app */ = {isa = PBXFileReference; explicitFileType = wrapper.application; includeInIndex = 0; path = CleanArchitectureExample.app; sourceTree = BUILT_PRODUCTS_DIR; };
		178722F624BD537D00D90F8E /* AppDelegate.swift */ = {isa = PBXFileReference; lastKnownFileType = sourcecode.swift; path = AppDelegate.swift; sourceTree = "<group>"; };
		178722F824BD537D00D90F8E /* SceneDelegate.swift */ = {isa = PBXFileReference; lastKnownFileType = sourcecode.swift; path = SceneDelegate.swift; sourceTree = "<group>"; };
		178722FA24BD537D00D90F8E /* ContentView.swift */ = {isa = PBXFileReference; lastKnownFileType = sourcecode.swift; path = ContentView.swift; sourceTree = "<group>"; };
		178722FC24BD537E00D90F8E /* Assets.xcassets */ = {isa = PBXFileReference; lastKnownFileType = folder.assetcatalog; path = Assets.xcassets; sourceTree = "<group>"; };
		178722FF24BD537E00D90F8E /* Preview Assets.xcassets */ = {isa = PBXFileReference; lastKnownFileType = folder.assetcatalog; path = "Preview Assets.xcassets"; sourceTree = "<group>"; };
		1787230224BD537E00D90F8E /* Base */ = {isa = PBXFileReference; lastKnownFileType = file.storyboard; name = Base; path = Base.lproj/LaunchScreen.storyboard; sourceTree = "<group>"; };
		1787230424BD537E00D90F8E /* Info.plist */ = {isa = PBXFileReference; lastKnownFileType = text.plist.xml; path = Info.plist; sourceTree = "<group>"; };
		1787230924BD537E00D90F8E /* CleanArchitectureExampleTests.xctest */ = {isa = PBXFileReference; explicitFileType = wrapper.cfbundle; includeInIndex = 0; path = CleanArchitectureExampleTests.xctest; sourceTree = BUILT_PRODUCTS_DIR; };
		1787230F24BD537E00D90F8E /* Info.plist */ = {isa = PBXFileReference; lastKnownFileType = text.plist.xml; path = Info.plist; sourceTree = "<group>"; };
		1787231B24BD53BF00D90F8E /* ViewModel.swift */ = {isa = PBXFileReference; lastKnownFileType = sourcecode.swift; path = ViewModel.swift; sourceTree = "<group>"; };
		1787233424BD551500D90F8E /* CleanArchitecture-Bridging-Header.h */ = {isa = PBXFileReference; lastKnownFileType = sourcecode.c.h; path = "CleanArchitecture-Bridging-Header.h"; sourceTree = "<group>"; };
		1787233D24BD556E00D90F8E /* LoginViewModel.swift */ = {isa = PBXFileReference; lastKnownFileType = sourcecode.swift; path = LoginViewModel.swift; sourceTree = "<group>"; };
		1787234824BD560500D90F8E /* MainViewModel.swift */ = {isa = PBXFileReference; lastKnownFileType = sourcecode.swift; path = MainViewModel.swift; sourceTree = "<group>"; };
		1787235224BD56E400D90F8E /* Product.swift */ = {isa = PBXFileReference; lastKnownFileType = sourcecode.swift; path = Product.swift; sourceTree = "<group>"; };
		1787235524BD571500D90F8E /* GetProducts.swift */ = {isa = PBXFileReference; lastKnownFileType = sourcecode.swift; path = GetProducts.swift; sourceTree = "<group>"; };
		1787235724BD575E00D90F8E /* PagingInfo.swift */ = {isa = PBXFileReference; lastKnownFileType = sourcecode.swift; path = PagingInfo.swift; sourceTree = "<group>"; };
		1787235A24BD578500D90F8E /* ProductGateway.swift */ = {isa = PBXFileReference; lastKnownFileType = sourcecode.swift; path = ProductGateway.swift; sourceTree = "<group>"; };
		1787236324BD5EC700D90F8E /* ProductsViewModel.swift */ = {isa = PBXFileReference; lastKnownFileType = sourcecode.swift; path = ProductsViewModel.swift; sourceTree = "<group>"; };
		178809AB24C0446B00002215 /* ErrorTracker.swift */ = {isa = PBXFileReference; lastKnownFileType = sourcecode.swift; path = ErrorTracker.swift; sourceTree = "<group>"; };
		178809AD24C04A7E00002215 /* ActivityIndicator.swift */ = {isa = PBXFileReference; lastKnownFileType = sourcecode.swift; path = ActivityIndicator.swift; sourceTree = "<group>"; };
		17993E8E2B6B34060008DCD0 /* ReposViewModel.swift */ = {isa = PBXFileReference; fileEncoding = 4; lastKnownFileType = sourcecode.swift; path = ReposViewModel.swift; sourceTree = "<group>"; };
		17A5B1F124D804DA004BD209 /* UIViewController+.swift */ = {isa = PBXFileReference; lastKnownFileType = sourcecode.swift; path = "UIViewController+.swift"; sourceTree = "<group>"; };
		17A5B1F324D8080B004BD209 /* UIViewController+Combine.swift */ = {isa = PBXFileReference; lastKnownFileType = sourcecode.swift; path = "UIViewController+Combine.swift"; sourceTree = "<group>"; };
		17A5B1F524D81561004BD209 /* GenericSubscriber.swift */ = {isa = PBXFileReference; lastKnownFileType = sourcecode.swift; path = GenericSubscriber.swift; sourceTree = "<group>"; };
		17A5B1F724D9026D004BD209 /* BaseViewController.swift */ = {isa = PBXFileReference; lastKnownFileType = sourcecode.swift; path = BaseViewController.swift; sourceTree = "<group>"; };
		17A5B1FB24D948BC004BD209 /* PagingTableView.swift */ = {isa = PBXFileReference; lastKnownFileType = sourcecode.swift; path = PagingTableView.swift; sourceTree = "<group>"; };
		17A5B1FE24D9514B004BD209 /* RefreshFooterAnimator.swift */ = {isa = PBXFileReference; lastKnownFileType = sourcecode.swift; path = RefreshFooterAnimator.swift; sourceTree = "<group>"; };
		17A5B20024D95168004BD209 /* RefreshHeaderAnimator.swift */ = {isa = PBXFileReference; lastKnownFileType = sourcecode.swift; path = RefreshHeaderAnimator.swift; sourceTree = "<group>"; };
		17CB2EAC2C2BEEEC00D6DD37 /* GitEndpoint.swift */ = {isa = PBXFileReference; lastKnownFileType = sourcecode.swift; path = GitEndpoint.swift; sourceTree = "<group>"; };
		17DCF1B524BEE76800D970B4 /* Driver.swift */ = {isa = PBXFileReference; lastKnownFileType = sourcecode.swift; path = Driver.swift; sourceTree = "<group>"; };
		17DCF1B824BF01ED00D970B4 /* Publisher+.swift */ = {isa = PBXFileReference; lastKnownFileType = sourcecode.swift; path = "Publisher+.swift"; sourceTree = "<group>"; };
		17DCF1BA24BF028200D970B4 /* Double+.swift */ = {isa = PBXFileReference; lastKnownFileType = sourcecode.swift; path = "Double+.swift"; sourceTree = "<group>"; };
		17DFFF6D2C7EFAC30030F118 /* ViewDidLoadModifier.swift */ = {isa = PBXFileReference; lastKnownFileType = sourcecode.swift; path = ViewDidLoadModifier.swift; sourceTree = "<group>"; };
		17FEE64E2BF70D3200E66C77 /* Observable.swift */ = {isa = PBXFileReference; lastKnownFileType = sourcecode.swift; path = Observable.swift; sourceTree = "<group>"; };
		17FEE6502BF72E3100E66C77 /* ValidationResult.swift */ = {isa = PBXFileReference; lastKnownFileType = sourcecode.swift; path = ValidationResult.swift; sourceTree = "<group>"; };
		17FEE6522BF72E8B00E66C77 /* ValidationError.swift */ = {isa = PBXFileReference; lastKnownFileType = sourcecode.swift; path = ValidationError.swift; sourceTree = "<group>"; };
/* End PBXFileReference section */

/* Begin PBXFileSystemSynchronizedRootGroup section */
		1773B02C2C980E8D00575110 /* CleanArchitectureExampleUITests */ = {isa = PBXFileSystemSynchronizedRootGroup; explicitFileTypes = {}; explicitFolders = (); path = CleanArchitectureExampleUITests; sourceTree = "<group>"; };
/* End PBXFileSystemSynchronizedRootGroup section */

/* Begin PBXFrameworksBuildPhase section */
		1773B0282C980E8D00575110 /* Frameworks */ = {
			isa = PBXFrameworksBuildPhase;
			buildActionMask = 2147483647;
			files = (
			);
			runOnlyForDeploymentPostprocessing = 0;
		};
		178722F024BD537D00D90F8E /* Frameworks */ = {
			isa = PBXFrameworksBuildPhase;
			buildActionMask = 2147483647;
			files = (
				174A188A24C81EEA00AB39D9 /* SwiftUIRefresh in Frameworks */,
				1B425EAF24FF9058000F7F6B /* ESPullToRefresh in Frameworks */,
				1BD163F124FF8CA700EBC063 /* MBProgressHUD in Frameworks */,
				176BAA5F24D2690300324D3C /* Alamofire in Frameworks */,
				176BAA4F24D1326100324D3C /* Then in Frameworks */,
				17CB2EAB2C2BEC3000D6DD37 /* APIService in Frameworks */,
				17A5B20424D962B0004BD209 /* CombineExt in Frameworks */,
				176BAA4124D1150700324D3C /* Reusable in Frameworks */,
				1B425EAA24FF8D1A000F7F6B /* SDWebImage in Frameworks */,
				17FFEFF92B6A225F00008867 /* Factory in Frameworks */,
				17A5B20724D962CB004BD209 /* CombineCocoa in Frameworks */,
				1B425EAC24FF8D1A000F7F6B /* SDWebImageMapKit in Frameworks */,
			);
			runOnlyForDeploymentPostprocessing = 0;
		};
		1787230624BD537E00D90F8E /* Frameworks */ = {
			isa = PBXFrameworksBuildPhase;
			buildActionMask = 2147483647;
			files = (
			);
			runOnlyForDeploymentPostprocessing = 0;
		};
/* End PBXFrameworksBuildPhase section */

/* Begin PBXGroup section */
		1720C7BB24FE37E300D616B2 /* Validations */ = {
			isa = PBXGroup;
			children = (
				17FEE6502BF72E3100E66C77 /* ValidationResult.swift */,
				17FEE6522BF72E8B00E66C77 /* ValidationError.swift */,
			);
			path = Validations;
			sourceTree = "<group>";
		};
		1734926324C59CC00014F87E /* Sources */ = {
			isa = PBXGroup;
			children = (
				1787235724BD575E00D90F8E /* PagingInfo.swift */,
				178809AB24C0446B00002215 /* ErrorTracker.swift */,
				178809AD24C04A7E00002215 /* ActivityIndicator.swift */,
				1787231B24BD53BF00D90F8E /* ViewModel.swift */,
				1770EC4224DD2F2F0022FBFE /* LoadingState.swift */,
				175936292C5A2B2200500DD7 /* ViewModel+FetchList.swift */,
				173865AF24D40FBE0059E3AD /* ViewModel+FetchItem.swift */,
				173865B124D419700059E3AD /* ViewModel+FetchPage.swift */,
				1765B2CB24C68D940096D210 /* CancelBag.swift */,
				176BAA4724D130B800324D3C /* Bindable.swift */,
			);
			path = Sources;
			sourceTree = "<group>";
		};
		1742B36024D7AEC200C82D15 /* Repos */ = {
			isa = PBXGroup;
			children = (
				17993E8E2B6B34060008DCD0 /* ReposViewModel.swift */,
				1742B37724D7C48400C82D15 /* RepoItemViewModel.swift */,
				1742B36924D7B22B00C82D15 /* ReposViewController.swift */,
				1742B37C24D7F52D00C82D15 /* RepoCell.swift */,
				1742B37D24D7F52D00C82D15 /* RepoCell.xib */,
				1742B37324D7B6F300C82D15 /* Repo.storyboard */,
				17259CC72C99720D00380502 /* Storyboards+Repo.swift */,
			);
			path = Repos;
			sourceTree = "<group>";
		};
		1742B36124D7AFEA00C82D15 /* Repo */ = {
			isa = PBXGroup;
			children = (
				1742B36224D7B00000C82D15 /* GetRepoList.swift */,
			);
			path = Repo;
			sourceTree = "<group>";
		};
		1742B37924D7E87000C82D15 /* Common */ = {
			isa = PBXGroup;
			children = (
				17A5B1F524D81561004BD209 /* GenericSubscriber.swift */,
				174A188C24C8219300AB39D9 /* ActivityIndicatorView.swift */,
				174A188E24C821B600AB39D9 /* LoadingView.swift */,
				1742B37A24D7E88900C82D15 /* AlertMessage.swift */,
				17A5B1F724D9026D004BD209 /* BaseViewController.swift */,
				17DFFF6D2C7EFAC30030F118 /* ViewDidLoadModifier.swift */,
				17A5B1FD24D95138004BD209 /* PagingTableView */,
			);
			path = Common;
			sourceTree = "<group>";
		};
		1745D6EA24E0E841009B0608 /* Domain */ = {
			isa = PBXGroup;
			children = (
				1745D6ED24E0E882009B0608 /* UseCases */,
			);
			path = Domain;
			sourceTree = "<group>";
		};
		1745D6EB24E0E84D009B0608 /* Scene */ = {
			isa = PBXGroup;
			children = (
				17993E922B6B3A4D0008DCD0 /* Repos */,
				1745D70A24E24AFE009B0608 /* Products */,
				1745D6FB24E0F289009B0608 /* Main */,
			);
			path = Scene;
			sourceTree = "<group>";
		};
		1745D6ED24E0E882009B0608 /* UseCases */ = {
			isa = PBXGroup;
			children = (
				1745D70424E2489D009B0608 /* LogInTests.swift */,
			);
			path = UseCases;
			sourceTree = "<group>";
		};
		1745D6F824E0F123009B0608 /* Extensions */ = {
			isa = PBXGroup;
			children = (
				1745D6F924E0F130009B0608 /* XCTestCase+.swift */,
			);
			path = Extensions;
			sourceTree = "<group>";
		};
		1745D6FB24E0F289009B0608 /* Main */ = {
			isa = PBXGroup;
			children = (
				1745D6FC24E0F295009B0608 /* MainViewControllerTests.swift */,
				1745D6FD24E0F295009B0608 /* MainViewModelTests.swift */,
			);
			path = Main;
			sourceTree = "<group>";
		};
		1745D70624E24943009B0608 /* Data */ = {
			isa = PBXGroup;
			children = (
				1745D70724E2494A009B0608 /* Gateways */,
			);
			path = Data;
			sourceTree = "<group>";
		};
		1745D70724E2494A009B0608 /* Gateways */ = {
			isa = PBXGroup;
			children = (
				1745D70824E2496C009B0608 /* MockAuthGateway.swift */,
				171A69C62BF2F6F000AF276B /* MockRepoGateway.swift */,
				175F97D22BF3258E00A3AEF4 /* MockProductGateway.swift */,
			);
			path = Gateways;
			sourceTree = "<group>";
		};
		1745D70A24E24AFE009B0608 /* Products */ = {
			isa = PBXGroup;
			children = (
				1745D70C24E24B22009B0608 /* ProductsViewModelTests.swift */,
			);
			path = Products;
			sourceTree = "<group>";
		};
		1765B2CF24C6D5350096D210 /* Navigators */ = {
			isa = PBXGroup;
			children = (
				1765B2D024C6D5550096D210 /* ShowProductDetail.swift */,
				176BAA5024D1483200324D3C /* ShowProductList.swift */,
				176BAA5924D16BAE00324D3C /* ShowLogin.swift */,
				1742B37524D7B82C00C82D15 /* ShowRepoList.swift */,
				1770EC3224DAA9AC0022FBFE /* ShowRepoCollection.swift */,
				171A69C22BF2F3D300AF276B /* ShowRepoDetail.swift */,
			);
			path = Navigators;
			sourceTree = "<group>";
		};
		176BAA4224D1152F00324D3C /* Storyboards */ = {
			isa = PBXGroup;
			children = (
				176BAA4324D1154300324D3C /* Main.storyboard */,
				176BAA4524D1154F00324D3C /* Storyboards.swift */,
			);
			path = Storyboards;
			sourceTree = "<group>";
		};
		176BAA5624D1679700324D3C /* Auth */ = {
			isa = PBXGroup;
			children = (
				176BAA5724D167A400324D3C /* LogIn.swift */,
			);
			path = Auth;
			sourceTree = "<group>";
		};
		1770EC2924DAA5B80022FBFE /* RepoCollection */ = {
			isa = PBXGroup;
			children = (
				1770EC2A24DAA5ED0022FBFE /* RepoCollectionViewController.swift */,
				1770EC2C24DAA6570022FBFE /* RepoCollectionCell.swift */,
				1770EC2D24DAA6570022FBFE /* RepoCollectionCell.xib */,
			);
			path = RepoCollection;
			sourceTree = "<group>";
		};
		1781CF3A24BD8FA2004ED1C6 /* ProductDetail */ = {
			isa = PBXGroup;
			children = (
				1765B2CD24C6A79F0096D210 /* ProductDetailView.swift */,
				1781CF3F24BD8FB8004ED1C6 /* ProductDetailViewModel.swift */,
			);
			path = ProductDetail;
			sourceTree = "<group>";
		};
		178722EA24BD537D00D90F8E = {
			isa = PBXGroup;
			children = (
				178722F524BD537D00D90F8E /* CleanArchitectureExample */,
				1787230C24BD537E00D90F8E /* CleanArchitectureExampleTests */,
				1773B02C2C980E8D00575110 /* CleanArchitectureExampleUITests */,
				178722F424BD537D00D90F8E /* Products */,
			);
			sourceTree = "<group>";
		};
		178722F424BD537D00D90F8E /* Products */ = {
			isa = PBXGroup;
			children = (
				178722F324BD537D00D90F8E /* CleanArchitectureExample.app */,
				1787230924BD537E00D90F8E /* CleanArchitectureExampleTests.xctest */,
				1773B02B2C980E8D00575110 /* CleanArchitectureExampleUITests.xctest */,
			);
			name = Products;
			sourceTree = "<group>";
		};
		178722F524BD537D00D90F8E /* CleanArchitectureExample */ = {
			isa = PBXGroup;
			children = (
				1787231924BD53AC00D90F8E /* Domain */,
				1787231824BD53A400D90F8E /* Data */,
				1787231A24BD53B200D90F8E /* Scene */,
				1734926324C59CC00014F87E /* Sources */,
				1787234F24BD566300D90F8E /* Support */,
				1787234E24BD565E00D90F8E /* Config */,
				178722F624BD537D00D90F8E /* AppDelegate.swift */,
				178722F824BD537D00D90F8E /* SceneDelegate.swift */,
				178722FA24BD537D00D90F8E /* ContentView.swift */,
				178722FC24BD537E00D90F8E /* Assets.xcassets */,
				1787230124BD537E00D90F8E /* LaunchScreen.storyboard */,
				1787230424BD537E00D90F8E /* Info.plist */,
				178722FE24BD537E00D90F8E /* Preview Content */,
				1787233424BD551500D90F8E /* CleanArchitecture-Bridging-Header.h */,
			);
			path = CleanArchitectureExample;
			sourceTree = "<group>";
		};
		178722FE24BD537E00D90F8E /* Preview Content */ = {
			isa = PBXGroup;
			children = (
				178722FF24BD537E00D90F8E /* Preview Assets.xcassets */,
			);
			path = "Preview Content";
			sourceTree = "<group>";
		};
		1787230C24BD537E00D90F8E /* CleanArchitectureExampleTests */ = {
			isa = PBXGroup;
			children = (
				1745D70624E24943009B0608 /* Data */,
				1745D6F824E0F123009B0608 /* Extensions */,
				1745D6EB24E0E84D009B0608 /* Scene */,
				1745D6EA24E0E841009B0608 /* Domain */,
				1787230F24BD537E00D90F8E /* Info.plist */,
				1745D71324E25378009B0608 /* TestError.swift */,
			);
			path = CleanArchitectureExampleTests;
			sourceTree = "<group>";
		};
		1787231824BD53A400D90F8E /* Data */ = {
			isa = PBXGroup;
			children = (
				1787235924BD577C00D90F8E /* Gateways */,
			);
			path = Data;
			sourceTree = "<group>";
		};
		1787231924BD53AC00D90F8E /* Domain */ = {
			isa = PBXGroup;
			children = (
				1787235124BD56CD00D90F8E /* UseCases */,
				1787235024BD56C800D90F8E /* Entities */,
			);
			path = Domain;
			sourceTree = "<group>";
		};
		1787231A24BD53B200D90F8E /* Scene */ = {
			isa = PBXGroup;
			children = (
				1765B2CF24C6D5350096D210 /* Navigators */,
				1742B37924D7E87000C82D15 /* Common */,
				1770EC2924DAA5B80022FBFE /* RepoCollection */,
				1742B36024D7AEC200C82D15 /* Repos */,
				176BAA4224D1152F00324D3C /* Storyboards */,
				1781CF3A24BD8FA2004ED1C6 /* ProductDetail */,
				1787235C24BD5E9200D90F8E /* Products */,
				1787234324BD55FA00D90F8E /* Main */,
				1787233824BD552F00D90F8E /* Login */,
			);
			path = Scene;
			sourceTree = "<group>";
		};
		1787233824BD552F00D90F8E /* Login */ = {
			isa = PBXGroup;
			children = (
				1787233D24BD556E00D90F8E /* LoginViewModel.swift */,
				176BAA5424D158BC00324D3C /* LoginView.swift */,
			);
			path = Login;
			sourceTree = "<group>";
		};
		1787234324BD55FA00D90F8E /* Main */ = {
			isa = PBXGroup;
			children = (
				1787234824BD560500D90F8E /* MainViewModel.swift */,
				176BAA3D24D10F7500324D3C /* MainViewController.swift */,
				176BAA4924D1319C00324D3C /* MenuCell.swift */,
				176BAA4A24D1319C00324D3C /* MenuCell.xib */,
				17259CC52C9971DD00380502 /* Storyboards+Main.swift */,
			);
			path = Main;
			sourceTree = "<group>";
		};
		1787234E24BD565E00D90F8E /* Config */ = {
			isa = PBXGroup;
			children = (
				1770EC3024DAA7940022FBFE /* ColorCompatibility.swift */,
			);
			path = Config;
			sourceTree = "<group>";
		};
		1787234F24BD566300D90F8E /* Support */ = {
			isa = PBXGroup;
			children = (
				17DCF1B724BF01E400D970B4 /* Extensions */,
			);
			path = Support;
			sourceTree = "<group>";
		};
		1787235024BD56C800D90F8E /* Entities */ = {
			isa = PBXGroup;
			children = (
				1787235224BD56E400D90F8E /* Product.swift */,
				173865A024D3BB470059E3AD /* Repo.swift */,
				1734926424C59D2A0014F87E /* AppError.swift */,
			);
			path = Entities;
			sourceTree = "<group>";
		};
		1787235124BD56CD00D90F8E /* UseCases */ = {
			isa = PBXGroup;
			children = (
				1720C7BB24FE37E300D616B2 /* Validations */,
				1742B36124D7AFEA00C82D15 /* Repo */,
				176BAA5624D1679700324D3C /* Auth */,
				1787235424BD570400D90F8E /* Product */,
			);
			path = UseCases;
			sourceTree = "<group>";
		};
		1787235424BD570400D90F8E /* Product */ = {
			isa = PBXGroup;
			children = (
				1787235524BD571500D90F8E /* GetProducts.swift */,
			);
			path = Product;
			sourceTree = "<group>";
		};
		1787235924BD577C00D90F8E /* Gateways */ = {
			isa = PBXGroup;
			children = (
				1787235A24BD578500D90F8E /* ProductGateway.swift */,
				176BAA5B24D175C200324D3C /* AuthGateway.swift */,
				1742B36424D7B01600C82D15 /* RepoGateway.swift */,
				17CB2EAC2C2BEEEC00D6DD37 /* GitEndpoint.swift */,
			);
			path = Gateways;
			sourceTree = "<group>";
		};
		1787235C24BD5E9200D90F8E /* Products */ = {
			isa = PBXGroup;
			children = (
				1787236324BD5EC700D90F8E /* ProductsViewModel.swift */,
				1765B2D424C6DF8B0096D210 /* ProductItemViewModel.swift */,
				1734925F24C539220014F87E /* ProductsView.swift */,
				1765B2D224C6D6D40096D210 /* ProductRow.swift */,
			);
			path = Products;
			sourceTree = "<group>";
		};
		17993E922B6B3A4D0008DCD0 /* Repos */ = {
			isa = PBXGroup;
			children = (
				171A69C42BF2F48400AF276B /* ReposViewModelTests.swift */,
			);
			path = Repos;
			sourceTree = "<group>";
		};
		17A5B1FD24D95138004BD209 /* PagingTableView */ = {
			isa = PBXGroup;
			children = (
				17A5B1FB24D948BC004BD209 /* PagingTableView.swift */,
				1770EC2724DAA55B0022FBFE /* PagingCollectionView.swift */,
				17A5B1FE24D9514B004BD209 /* RefreshFooterAnimator.swift */,
				17A5B20024D95168004BD209 /* RefreshHeaderAnimator.swift */,
			);
			path = PagingTableView;
			sourceTree = "<group>";
		};
		17DCF1B724BF01E400D970B4 /* Extensions */ = {
			isa = PBXGroup;
			children = (
				17DCF1B524BEE76800D970B4 /* Driver.swift */,
				17FEE64E2BF70D3200E66C77 /* Observable.swift */,
				17DCF1B824BF01ED00D970B4 /* Publisher+.swift */,
				17DCF1BA24BF028200D970B4 /* Double+.swift */,
				1742B37024D7B45C00C82D15 /* UIViewController+Debug.swift */,
				17A5B1F124D804DA004BD209 /* UIViewController+.swift */,
				17A5B1F324D8080B004BD209 /* UIViewController+Combine.swift */,
				1742B38024D7F66400C82D15 /* UIImageView+SDWebImage.swift */,
			);
			path = Extensions;
			sourceTree = "<group>";
		};
/* End PBXGroup section */

/* Begin PBXNativeTarget section */
		1773B02A2C980E8D00575110 /* CleanArchitectureExampleUITests */ = {
			isa = PBXNativeTarget;
			buildConfigurationList = 1773B0352C980E8D00575110 /* Build configuration list for PBXNativeTarget "CleanArchitectureExampleUITests" */;
			buildPhases = (
				1773B0272C980E8D00575110 /* Sources */,
				1773B0282C980E8D00575110 /* Frameworks */,
				1773B0292C980E8D00575110 /* Resources */,
			);
			buildRules = (
			);
			dependencies = (
				1773B0322C980E8D00575110 /* PBXTargetDependency */,
			);
			fileSystemSynchronizedGroups = (
				1773B02C2C980E8D00575110 /* CleanArchitectureExampleUITests */,
			);
			name = CleanArchitectureExampleUITests;
			packageProductDependencies = (
			);
			productName = CleanArchitectureUITests;
			productReference = 1773B02B2C980E8D00575110 /* CleanArchitectureExampleUITests.xctest */;
			productType = "com.apple.product-type.bundle.ui-testing";
		};
		178722F224BD537D00D90F8E /* CleanArchitectureExample */ = {
			isa = PBXNativeTarget;
			buildConfigurationList = 1787231224BD537E00D90F8E /* Build configuration list for PBXNativeTarget "CleanArchitectureExample" */;
			buildPhases = (
				178722EF24BD537D00D90F8E /* Sources */,
				178722F024BD537D00D90F8E /* Frameworks */,
				178722F124BD537D00D90F8E /* Resources */,
			);
			buildRules = (
			);
			dependencies = (
			);
			name = CleanArchitectureExample;
			packageProductDependencies = (
				174A188924C81EEA00AB39D9 /* SwiftUIRefresh */,
				176BAA4024D1150700324D3C /* Reusable */,
				176BAA4E24D1326100324D3C /* Then */,
				176BAA5E24D2690300324D3C /* Alamofire */,
				17A5B20324D962B0004BD209 /* CombineExt */,
				17A5B20624D962CB004BD209 /* CombineCocoa */,
				1BD163F024FF8CA700EBC063 /* MBProgressHUD */,
				1B425EA924FF8D1A000F7F6B /* SDWebImage */,
				1B425EAB24FF8D1A000F7F6B /* SDWebImageMapKit */,
				1B425EAE24FF9058000F7F6B /* ESPullToRefresh */,
				17FFEFF82B6A225F00008867 /* Factory */,
				17CB2EAA2C2BEC3000D6DD37 /* APIService */,
			);
			productName = CleanArchitecture;
			productReference = 178722F324BD537D00D90F8E /* CleanArchitectureExample.app */;
			productType = "com.apple.product-type.application";
		};
		1787230824BD537E00D90F8E /* CleanArchitectureExampleTests */ = {
			isa = PBXNativeTarget;
			buildConfigurationList = 1787231524BD537E00D90F8E /* Build configuration list for PBXNativeTarget "CleanArchitectureExampleTests" */;
			buildPhases = (
				1787230524BD537E00D90F8E /* Sources */,
				1787230624BD537E00D90F8E /* Frameworks */,
				1787230724BD537E00D90F8E /* Resources */,
			);
			buildRules = (
			);
			dependencies = (
				1787230B24BD537E00D90F8E /* PBXTargetDependency */,
			);
			name = CleanArchitectureExampleTests;
			productName = CleanArchitectureTests;
			productReference = 1787230924BD537E00D90F8E /* CleanArchitectureExampleTests.xctest */;
			productType = "com.apple.product-type.bundle.unit-test";
		};
/* End PBXNativeTarget section */

/* Begin PBXProject section */
		178722EB24BD537D00D90F8E /* Project object */ = {
			isa = PBXProject;
			attributes = {
				LastSwiftUpdateCheck = 1600;
				LastUpgradeCheck = 1200;
				ORGANIZATIONNAME = "Tuan Truong";
				TargetAttributes = {
					1773B02A2C980E8D00575110 = {
						CreatedOnToolsVersion = 16.0;
						TestTargetID = 178722F224BD537D00D90F8E;
					};
					178722F224BD537D00D90F8E = {
						CreatedOnToolsVersion = 11.5;
						LastSwiftMigration = 1150;
					};
					1787230824BD537E00D90F8E = {
						CreatedOnToolsVersion = 11.5;
						LastSwiftMigration = 1160;
						TestTargetID = 178722F224BD537D00D90F8E;
					};
				};
			};
			buildConfigurationList = 178722EE24BD537D00D90F8E /* Build configuration list for PBXProject "CleanArchitectureExample" */;
			compatibilityVersion = "Xcode 9.3";
			developmentRegion = en;
			hasScannedForEncodings = 0;
			knownRegions = (
				en,
				Base,
			);
			mainGroup = 178722EA24BD537D00D90F8E;
			packageReferences = (
				174A188824C81EEA00AB39D9 /* XCRemoteSwiftPackageReference "SwiftUIRefresh" */,
				176BAA3F24D1150700324D3C /* XCRemoteSwiftPackageReference "Reusable" */,
				176BAA4D24D1326100324D3C /* XCRemoteSwiftPackageReference "Then" */,
				176BAA5D24D2690300324D3C /* XCRemoteSwiftPackageReference "Alamofire" */,
				17A5B20224D962B0004BD209 /* XCRemoteSwiftPackageReference "CombineExt" */,
				17A5B20524D962CB004BD209 /* XCRemoteSwiftPackageReference "CombineCocoa" */,
				1BD163EF24FF8CA700EBC063 /* XCRemoteSwiftPackageReference "MBProgressHUD" */,
				1B425EA824FF8D1A000F7F6B /* XCRemoteSwiftPackageReference "SDWebImage" */,
				1B425EAD24FF9058000F7F6B /* XCRemoteSwiftPackageReference "pull-to-refresh" */,
				17FFEFF72B6A225F00008867 /* XCRemoteSwiftPackageReference "Factory" */,
				17CB2EA92C2BEC3000D6DD37 /* XCRemoteSwiftPackageReference "tech-standard-ios-api" */,
			);
			productRefGroup = 178722F424BD537D00D90F8E /* Products */;
			projectDirPath = "";
			projectRoot = "";
			targets = (
				178722F224BD537D00D90F8E /* CleanArchitectureExample */,
				1787230824BD537E00D90F8E /* CleanArchitectureExampleTests */,
				1773B02A2C980E8D00575110 /* CleanArchitectureExampleUITests */,
			);
		};
/* End PBXProject section */

/* Begin PBXResourcesBuildPhase section */
		1773B0292C980E8D00575110 /* Resources */ = {
			isa = PBXResourcesBuildPhase;
			buildActionMask = 2147483647;
			files = (
			);
			runOnlyForDeploymentPostprocessing = 0;
		};
		178722F124BD537D00D90F8E /* Resources */ = {
			isa = PBXResourcesBuildPhase;
			buildActionMask = 2147483647;
			files = (
				1742B37424D7B6F300C82D15 /* Repo.storyboard in Resources */,
				1770EC2F24DAA6570022FBFE /* RepoCollectionCell.xib in Resources */,
				1742B37F24D7F52D00C82D15 /* RepoCell.xib in Resources */,
				1787230324BD537E00D90F8E /* LaunchScreen.storyboard in Resources */,
				1787230024BD537E00D90F8E /* Preview Assets.xcassets in Resources */,
				176BAA4C24D1319C00324D3C /* MenuCell.xib in Resources */,
				178722FD24BD537E00D90F8E /* Assets.xcassets in Resources */,
				176BAA4424D1154300324D3C /* Main.storyboard in Resources */,
			);
			runOnlyForDeploymentPostprocessing = 0;
		};
		1787230724BD537E00D90F8E /* Resources */ = {
			isa = PBXResourcesBuildPhase;
			buildActionMask = 2147483647;
			files = (
			);
			runOnlyForDeploymentPostprocessing = 0;
		};
/* End PBXResourcesBuildPhase section */

/* Begin PBXSourcesBuildPhase section */
		1773B0272C980E8D00575110 /* Sources */ = {
			isa = PBXSourcesBuildPhase;
			buildActionMask = 2147483647;
			files = (
			);
			runOnlyForDeploymentPostprocessing = 0;
		};
		178722EF24BD537D00D90F8E /* Sources */ = {
			isa = PBXSourcesBuildPhase;
			buildActionMask = 2147483647;
			files = (
				1742B36324D7B00000C82D15 /* GetRepoList.swift in Sources */,
				1765B2D124C6D5550096D210 /* ShowProductDetail.swift in Sources */,
				1787231C24BD53BF00D90F8E /* ViewModel.swift in Sources */,
				17259CC62C9971DD00380502 /* Storyboards+Main.swift in Sources */,
				1742B37624D7B82C00C82D15 /* ShowRepoList.swift in Sources */,
				178722F724BD537D00D90F8E /* AppDelegate.swift in Sources */,
				17A5B1F824D9026D004BD209 /* BaseViewController.swift in Sources */,
				1770EC2B24DAA5ED0022FBFE /* RepoCollectionViewController.swift in Sources */,
				1742B36E24D7B22B00C82D15 /* ReposViewController.swift in Sources */,
				178722F924BD537D00D90F8E /* SceneDelegate.swift in Sources */,
				17DCF1BB24BF028200D970B4 /* Double+.swift in Sources */,
				17DCF1B924BF01ED00D970B4 /* Publisher+.swift in Sources */,
				17A5B1F624D81561004BD209 /* GenericSubscriber.swift in Sources */,
				1787235824BD575E00D90F8E /* PagingInfo.swift in Sources */,
				1770EC3124DAA7940022FBFE /* ColorCompatibility.swift in Sources */,
				1742B36524D7B01600C82D15 /* RepoGateway.swift in Sources */,
				176BAA5524D158BC00324D3C /* LoginView.swift in Sources */,
				176BAA3E24D10F7500324D3C /* MainViewController.swift in Sources */,
				1781CF4424BD8FB8004ED1C6 /* ProductDetailViewModel.swift in Sources */,
				17A5B1FC24D948BC004BD209 /* PagingTableView.swift in Sources */,
				1742B37824D7C48400C82D15 /* RepoItemViewModel.swift in Sources */,
				17CB2EAD2C2BEEEC00D6DD37 /* GitEndpoint.swift in Sources */,
				174A188D24C8219300AB39D9 /* ActivityIndicatorView.swift in Sources */,
				17A5B1F424D8080B004BD209 /* UIViewController+Combine.swift in Sources */,
				17DFFF6E2C7EFAC30030F118 /* ViewDidLoadModifier.swift in Sources */,
				17DCF1B624BEE76800D970B4 /* Driver.swift in Sources */,
				174A188F24C821B600AB39D9 /* LoadingView.swift in Sources */,
				173865B224D419700059E3AD /* ViewModel+FetchPage.swift in Sources */,
				1742B37B24D7E88900C82D15 /* AlertMessage.swift in Sources */,
				176BAA5C24D175C200324D3C /* AuthGateway.swift in Sources */,
				176BAA5A24D16BAE00324D3C /* ShowLogin.swift in Sources */,
				1734926024C539220014F87E /* ProductsView.swift in Sources */,
				178809AC24C0446B00002215 /* ErrorTracker.swift in Sources */,
				173865A124D3BB470059E3AD /* Repo.swift in Sources */,
				178809AE24C04A7E00002215 /* ActivityIndicator.swift in Sources */,
				1787234224BD556E00D90F8E /* LoginViewModel.swift in Sources */,
				1765B2D524C6DF8B0096D210 /* ProductItemViewModel.swift in Sources */,
				17FEE6512BF72E3100E66C77 /* ValidationResult.swift in Sources */,
				176BAA4624D1154F00324D3C /* Storyboards.swift in Sources */,
				1787235624BD571500D90F8E /* GetProducts.swift in Sources */,
				1734926524C59D2A0014F87E /* AppError.swift in Sources */,
				17A5B1F224D804DA004BD209 /* UIViewController+.swift in Sources */,
				1787236824BD5EC700D90F8E /* ProductsViewModel.swift in Sources */,
				1742B37124D7B45C00C82D15 /* UIViewController+Debug.swift in Sources */,
				1787235324BD56E400D90F8E /* Product.swift in Sources */,
				1765B2CE24C6A79F0096D210 /* ProductDetailView.swift in Sources */,
				1770EC4324DD2F2F0022FBFE /* LoadingState.swift in Sources */,
				178722FB24BD537D00D90F8E /* ContentView.swift in Sources */,
				1742B38124D7F66400C82D15 /* UIImageView+SDWebImage.swift in Sources */,
				176BAA5124D1483200324D3C /* ShowProductList.swift in Sources */,
				1787235B24BD578500D90F8E /* ProductGateway.swift in Sources */,
				1770EC2824DAA55B0022FBFE /* PagingCollectionView.swift in Sources */,
				17259CC82C99720D00380502 /* Storyboards+Repo.swift in Sources */,
				1765B2D324C6D6D40096D210 /* ProductRow.swift in Sources */,
				17A5B20124D95168004BD209 /* RefreshHeaderAnimator.swift in Sources */,
				1770EC3324DAA9AC0022FBFE /* ShowRepoCollection.swift in Sources */,
				17FEE64F2BF70D3200E66C77 /* Observable.swift in Sources */,
				17A5B1FF24D9514B004BD209 /* RefreshFooterAnimator.swift in Sources */,
				17EB516D2C61CEFC004D6ED1 /* ViewModel+FetchItem.swift in Sources */,
				17FEE6532BF72E8B00E66C77 /* ValidationError.swift in Sources */,
				1770EC2E24DAA6570022FBFE /* RepoCollectionCell.swift in Sources */,
				171A69C32BF2F3D300AF276B /* ShowRepoDetail.swift in Sources */,
				1742B37E24D7F52D00C82D15 /* RepoCell.swift in Sources */,
				176BAA4824D130B800324D3C /* Bindable.swift in Sources */,
				176BAA4B24D1319C00324D3C /* MenuCell.swift in Sources */,
				1759362A2C5A2B2300500DD7 /* ViewModel+FetchList.swift in Sources */,
				176BAA5824D167A400324D3C /* LogIn.swift in Sources */,
				1787234D24BD560500D90F8E /* MainViewModel.swift in Sources */,
				17993E8F2B6B34060008DCD0 /* ReposViewModel.swift in Sources */,
				1765B2CC24C68D940096D210 /* CancelBag.swift in Sources */,
			);
			runOnlyForDeploymentPostprocessing = 0;
		};
		1787230524BD537E00D90F8E /* Sources */ = {
			isa = PBXSourcesBuildPhase;
			buildActionMask = 2147483647;
			files = (
				171A69C72BF2F6F000AF276B /* MockRepoGateway.swift in Sources */,
				1745D70524E2489D009B0608 /* LogInTests.swift in Sources */,
				175F97D32BF3258E00A3AEF4 /* MockProductGateway.swift in Sources */,
				1745D6FA24E0F130009B0608 /* XCTestCase+.swift in Sources */,
				1745D71024E24B22009B0608 /* ProductsViewModelTests.swift in Sources */,
				1745D70924E2496C009B0608 /* MockAuthGateway.swift in Sources */,
				17FEE64C2BF70C2E00E66C77 /* MainViewModelTests.swift in Sources */,
				171A69C52BF2F48400AF276B /* ReposViewModelTests.swift in Sources */,
				1745D71424E25378009B0608 /* TestError.swift in Sources */,
				17FEE64D2BF70C4600E66C77 /* MainViewControllerTests.swift in Sources */,
			);
			runOnlyForDeploymentPostprocessing = 0;
		};
/* End PBXSourcesBuildPhase section */

/* Begin PBXTargetDependency section */
		1773B0322C980E8D00575110 /* PBXTargetDependency */ = {
			isa = PBXTargetDependency;
			target = 178722F224BD537D00D90F8E /* CleanArchitectureExample */;
			targetProxy = 1773B0312C980E8D00575110 /* PBXContainerItemProxy */;
		};
		1787230B24BD537E00D90F8E /* PBXTargetDependency */ = {
			isa = PBXTargetDependency;
			target = 178722F224BD537D00D90F8E /* CleanArchitectureExample */;
			targetProxy = 1787230A24BD537E00D90F8E /* PBXContainerItemProxy */;
		};
/* End PBXTargetDependency section */

/* Begin PBXVariantGroup section */
		1787230124BD537E00D90F8E /* LaunchScreen.storyboard */ = {
			isa = PBXVariantGroup;
			children = (
				1787230224BD537E00D90F8E /* Base */,
			);
			name = LaunchScreen.storyboard;
			sourceTree = "<group>";
		};
/* End PBXVariantGroup section */

/* Begin XCBuildConfiguration section */
		1773B0332C980E8D00575110 /* Debug */ = {
			isa = XCBuildConfiguration;
			buildSettings = {
				ASSETCATALOG_COMPILER_GENERATE_SWIFT_ASSET_SYMBOL_EXTENSIONS = YES;
				CLANG_CXX_LANGUAGE_STANDARD = "gnu++20";
				CODE_SIGN_STYLE = Automatic;
				CURRENT_PROJECT_VERSION = 1;
				DEVELOPMENT_TEAM = NN74NJ78BB;
				ENABLE_USER_SCRIPT_SANDBOXING = YES;
				GCC_C_LANGUAGE_STANDARD = gnu17;
				GENERATE_INFOPLIST_FILE = YES;
				IPHONEOS_DEPLOYMENT_TARGET = 18.0;
				LOCALIZATION_PREFERS_STRING_CATALOGS = YES;
				MARKETING_VERSION = 1.0;
				PRODUCT_BUNDLE_IDENTIFIER = truong.tuan.CleanArchitectureExampleUITests;
				PRODUCT_NAME = "$(TARGET_NAME)";
				SWIFT_ACTIVE_COMPILATION_CONDITIONS = "DEBUG $(inherited)";
				SWIFT_EMIT_LOC_STRINGS = NO;
				SWIFT_VERSION = 5.0;
				TARGETED_DEVICE_FAMILY = "1,2";
				TEST_TARGET_NAME = CleanArchitecture;
			};
			name = Debug;
		};
		1773B0342C980E8D00575110 /* Release */ = {
			isa = XCBuildConfiguration;
			buildSettings = {
				ASSETCATALOG_COMPILER_GENERATE_SWIFT_ASSET_SYMBOL_EXTENSIONS = YES;
				CLANG_CXX_LANGUAGE_STANDARD = "gnu++20";
				CODE_SIGN_STYLE = Automatic;
				CURRENT_PROJECT_VERSION = 1;
				DEVELOPMENT_TEAM = NN74NJ78BB;
				ENABLE_USER_SCRIPT_SANDBOXING = YES;
				GCC_C_LANGUAGE_STANDARD = gnu17;
				GENERATE_INFOPLIST_FILE = YES;
				IPHONEOS_DEPLOYMENT_TARGET = 18.0;
				LOCALIZATION_PREFERS_STRING_CATALOGS = YES;
				MARKETING_VERSION = 1.0;
				PRODUCT_BUNDLE_IDENTIFIER = truong.tuan.CleanArchitectureExampleUITests;
				PRODUCT_NAME = "$(TARGET_NAME)";
				SWIFT_EMIT_LOC_STRINGS = NO;
				SWIFT_VERSION = 5.0;
				TARGETED_DEVICE_FAMILY = "1,2";
				TEST_TARGET_NAME = CleanArchitecture;
			};
			name = Release;
		};
		1787231024BD537E00D90F8E /* Debug */ = {
			isa = XCBuildConfiguration;
			buildSettings = {
				ALWAYS_SEARCH_USER_PATHS = NO;
				CLANG_ANALYZER_NONNULL = YES;
				CLANG_ANALYZER_NUMBER_OBJECT_CONVERSION = YES_AGGRESSIVE;
				CLANG_CXX_LANGUAGE_STANDARD = "gnu++14";
				CLANG_CXX_LIBRARY = "libc++";
				CLANG_ENABLE_MODULES = YES;
				CLANG_ENABLE_OBJC_ARC = YES;
				CLANG_ENABLE_OBJC_WEAK = YES;
				CLANG_WARN_BLOCK_CAPTURE_AUTORELEASING = YES;
				CLANG_WARN_BOOL_CONVERSION = YES;
				CLANG_WARN_COMMA = YES;
				CLANG_WARN_CONSTANT_CONVERSION = YES;
				CLANG_WARN_DEPRECATED_OBJC_IMPLEMENTATIONS = YES;
				CLANG_WARN_DIRECT_OBJC_ISA_USAGE = YES_ERROR;
				CLANG_WARN_DOCUMENTATION_COMMENTS = YES;
				CLANG_WARN_EMPTY_BODY = YES;
				CLANG_WARN_ENUM_CONVERSION = YES;
				CLANG_WARN_INFINITE_RECURSION = YES;
				CLANG_WARN_INT_CONVERSION = YES;
				CLANG_WARN_NON_LITERAL_NULL_CONVERSION = YES;
				CLANG_WARN_OBJC_IMPLICIT_RETAIN_SELF = YES;
				CLANG_WARN_OBJC_LITERAL_CONVERSION = YES;
				CLANG_WARN_OBJC_ROOT_CLASS = YES_ERROR;
				CLANG_WARN_QUOTED_INCLUDE_IN_FRAMEWORK_HEADER = YES;
				CLANG_WARN_RANGE_LOOP_ANALYSIS = YES;
				CLANG_WARN_STRICT_PROTOTYPES = YES;
				CLANG_WARN_SUSPICIOUS_MOVE = YES;
				CLANG_WARN_UNGUARDED_AVAILABILITY = YES_AGGRESSIVE;
				CLANG_WARN_UNREACHABLE_CODE = YES;
				CLANG_WARN__DUPLICATE_METHOD_MATCH = YES;
				COPY_PHASE_STRIP = NO;
				DEBUG_INFORMATION_FORMAT = dwarf;
				ENABLE_STRICT_OBJC_MSGSEND = YES;
				ENABLE_TESTABILITY = YES;
				GCC_C_LANGUAGE_STANDARD = gnu11;
				GCC_DYNAMIC_NO_PIC = NO;
				GCC_NO_COMMON_BLOCKS = YES;
				GCC_OPTIMIZATION_LEVEL = 0;
				GCC_PREPROCESSOR_DEFINITIONS = (
					"DEBUG=1",
					"$(inherited)",
				);
				GCC_WARN_64_TO_32_BIT_CONVERSION = YES;
				GCC_WARN_ABOUT_RETURN_TYPE = YES_ERROR;
				GCC_WARN_UNDECLARED_SELECTOR = YES;
				GCC_WARN_UNINITIALIZED_AUTOS = YES_AGGRESSIVE;
				GCC_WARN_UNUSED_FUNCTION = YES;
				GCC_WARN_UNUSED_VARIABLE = YES;
				IPHONEOS_DEPLOYMENT_TARGET = 13.5;
				MTL_ENABLE_DEBUG_INFO = INCLUDE_SOURCE;
				MTL_FAST_MATH = YES;
				ONLY_ACTIVE_ARCH = YES;
				SDKROOT = iphoneos;
				SWIFT_ACTIVE_COMPILATION_CONDITIONS = DEBUG;
				SWIFT_OPTIMIZATION_LEVEL = "-Onone";
			};
			name = Debug;
		};
		1787231124BD537E00D90F8E /* Release */ = {
			isa = XCBuildConfiguration;
			buildSettings = {
				ALWAYS_SEARCH_USER_PATHS = NO;
				CLANG_ANALYZER_NONNULL = YES;
				CLANG_ANALYZER_NUMBER_OBJECT_CONVERSION = YES_AGGRESSIVE;
				CLANG_CXX_LANGUAGE_STANDARD = "gnu++14";
				CLANG_CXX_LIBRARY = "libc++";
				CLANG_ENABLE_MODULES = YES;
				CLANG_ENABLE_OBJC_ARC = YES;
				CLANG_ENABLE_OBJC_WEAK = YES;
				CLANG_WARN_BLOCK_CAPTURE_AUTORELEASING = YES;
				CLANG_WARN_BOOL_CONVERSION = YES;
				CLANG_WARN_COMMA = YES;
				CLANG_WARN_CONSTANT_CONVERSION = YES;
				CLANG_WARN_DEPRECATED_OBJC_IMPLEMENTATIONS = YES;
				CLANG_WARN_DIRECT_OBJC_ISA_USAGE = YES_ERROR;
				CLANG_WARN_DOCUMENTATION_COMMENTS = YES;
				CLANG_WARN_EMPTY_BODY = YES;
				CLANG_WARN_ENUM_CONVERSION = YES;
				CLANG_WARN_INFINITE_RECURSION = YES;
				CLANG_WARN_INT_CONVERSION = YES;
				CLANG_WARN_NON_LITERAL_NULL_CONVERSION = YES;
				CLANG_WARN_OBJC_IMPLICIT_RETAIN_SELF = YES;
				CLANG_WARN_OBJC_LITERAL_CONVERSION = YES;
				CLANG_WARN_OBJC_ROOT_CLASS = YES_ERROR;
				CLANG_WARN_QUOTED_INCLUDE_IN_FRAMEWORK_HEADER = YES;
				CLANG_WARN_RANGE_LOOP_ANALYSIS = YES;
				CLANG_WARN_STRICT_PROTOTYPES = YES;
				CLANG_WARN_SUSPICIOUS_MOVE = YES;
				CLANG_WARN_UNGUARDED_AVAILABILITY = YES_AGGRESSIVE;
				CLANG_WARN_UNREACHABLE_CODE = YES;
				CLANG_WARN__DUPLICATE_METHOD_MATCH = YES;
				COPY_PHASE_STRIP = NO;
				DEBUG_INFORMATION_FORMAT = "dwarf-with-dsym";
				ENABLE_NS_ASSERTIONS = NO;
				ENABLE_STRICT_OBJC_MSGSEND = YES;
				GCC_C_LANGUAGE_STANDARD = gnu11;
				GCC_NO_COMMON_BLOCKS = YES;
				GCC_WARN_64_TO_32_BIT_CONVERSION = YES;
				GCC_WARN_ABOUT_RETURN_TYPE = YES_ERROR;
				GCC_WARN_UNDECLARED_SELECTOR = YES;
				GCC_WARN_UNINITIALIZED_AUTOS = YES_AGGRESSIVE;
				GCC_WARN_UNUSED_FUNCTION = YES;
				GCC_WARN_UNUSED_VARIABLE = YES;
				IPHONEOS_DEPLOYMENT_TARGET = 13.5;
				MTL_ENABLE_DEBUG_INFO = NO;
				MTL_FAST_MATH = YES;
				SDKROOT = iphoneos;
				SWIFT_COMPILATION_MODE = wholemodule;
				SWIFT_OPTIMIZATION_LEVEL = "-O";
				VALIDATE_PRODUCT = YES;
			};
			name = Release;
		};
		1787231324BD537E00D90F8E /* Debug */ = {
			isa = XCBuildConfiguration;
			buildSettings = {
				ASSETCATALOG_COMPILER_APPICON_NAME = AppIcon;
				CLANG_ENABLE_MODULES = YES;
				CODE_SIGN_STYLE = Automatic;
				CURRENT_PROJECT_VERSION = 3;
				DEVELOPMENT_ASSET_PATHS = "\"CleanArchitectureExample/Preview Content\"";
				ENABLE_PREVIEWS = YES;
				INFOPLIST_FILE = CleanArchitectureExample/Info.plist;
				IPHONEOS_DEPLOYMENT_TARGET = 14.0;
				LD_RUNPATH_SEARCH_PATHS = (
					"$(inherited)",
					"@executable_path/Frameworks",
				);
				MARKETING_VERSION = 0.3.0;
				PRODUCT_BUNDLE_IDENTIFIER = truong.tuan.CleanArchitectureExample;
				PRODUCT_NAME = "$(TARGET_NAME)";
				SWIFT_OBJC_BRIDGING_HEADER = "CleanArchitectureExample/CleanArchitecture-Bridging-Header.h";
				SWIFT_OPTIMIZATION_LEVEL = "-Onone";
				SWIFT_VERSION = 5.0;
				TARGETED_DEVICE_FAMILY = "1,2";
			};
			name = Debug;
		};
		1787231424BD537E00D90F8E /* Release */ = {
			isa = XCBuildConfiguration;
			buildSettings = {
				ASSETCATALOG_COMPILER_APPICON_NAME = AppIcon;
				CLANG_ENABLE_MODULES = YES;
				CODE_SIGN_STYLE = Automatic;
				CURRENT_PROJECT_VERSION = 3;
				DEVELOPMENT_ASSET_PATHS = "\"CleanArchitectureExample/Preview Content\"";
				ENABLE_PREVIEWS = YES;
				INFOPLIST_FILE = CleanArchitectureExample/Info.plist;
				IPHONEOS_DEPLOYMENT_TARGET = 14.0;
				LD_RUNPATH_SEARCH_PATHS = (
					"$(inherited)",
					"@executable_path/Frameworks",
				);
				MARKETING_VERSION = 0.3.0;
				PRODUCT_BUNDLE_IDENTIFIER = truong.tuan.CleanArchitectureExample;
				PRODUCT_NAME = "$(TARGET_NAME)";
				SWIFT_OBJC_BRIDGING_HEADER = "CleanArchitectureExample/CleanArchitecture-Bridging-Header.h";
				SWIFT_VERSION = 5.0;
				TARGETED_DEVICE_FAMILY = "1,2";
			};
			name = Release;
		};
		1787231624BD537E00D90F8E /* Debug */ = {
			isa = XCBuildConfiguration;
			buildSettings = {
				ALWAYS_EMBED_SWIFT_STANDARD_LIBRARIES = YES;
				BUNDLE_LOADER = "$(TEST_HOST)";
				CLANG_ENABLE_MODULES = YES;
				CODE_SIGN_STYLE = Automatic;
				INFOPLIST_FILE = CleanArchitectureExampleTests/Info.plist;
				IPHONEOS_DEPLOYMENT_TARGET = 14.0;
				LD_RUNPATH_SEARCH_PATHS = (
					"$(inherited)",
					"@executable_path/Frameworks",
					"@loader_path/Frameworks",
				);
				PRODUCT_BUNDLE_IDENTIFIER = truong.tuan.CleanArchitectureExampleTests;
				PRODUCT_NAME = "$(TARGET_NAME)";
				SWIFT_OPTIMIZATION_LEVEL = "-Onone";
				SWIFT_VERSION = 5.0;
				TARGETED_DEVICE_FAMILY = "1,2";
				TEST_HOST = "$(BUILT_PRODUCTS_DIR)/CleanArchitectureExample.app/CleanArchitectureExample";
			};
			name = Debug;
		};
		1787231724BD537E00D90F8E /* Release */ = {
			isa = XCBuildConfiguration;
			buildSettings = {
				ALWAYS_EMBED_SWIFT_STANDARD_LIBRARIES = YES;
				BUNDLE_LOADER = "$(TEST_HOST)";
				CLANG_ENABLE_MODULES = YES;
				CODE_SIGN_STYLE = Automatic;
				INFOPLIST_FILE = CleanArchitectureExampleTests/Info.plist;
				IPHONEOS_DEPLOYMENT_TARGET = 14.0;
				LD_RUNPATH_SEARCH_PATHS = (
					"$(inherited)",
					"@executable_path/Frameworks",
					"@loader_path/Frameworks",
				);
				PRODUCT_BUNDLE_IDENTIFIER = truong.tuan.CleanArchitectureExampleTests;
				PRODUCT_NAME = "$(TARGET_NAME)";
				SWIFT_VERSION = 5.0;
				TARGETED_DEVICE_FAMILY = "1,2";
				TEST_HOST = "$(BUILT_PRODUCTS_DIR)/CleanArchitectureExample.app/CleanArchitectureExample";
			};
			name = Release;
		};
/* End XCBuildConfiguration section */

/* Begin XCConfigurationList section */
		1773B0352C980E8D00575110 /* Build configuration list for PBXNativeTarget "CleanArchitectureExampleUITests" */ = {
			isa = XCConfigurationList;
			buildConfigurations = (
				1773B0332C980E8D00575110 /* Debug */,
				1773B0342C980E8D00575110 /* Release */,
			);
			defaultConfigurationIsVisible = 0;
			defaultConfigurationName = Release;
		};
		178722EE24BD537D00D90F8E /* Build configuration list for PBXProject "CleanArchitectureExample" */ = {
			isa = XCConfigurationList;
			buildConfigurations = (
				1787231024BD537E00D90F8E /* Debug */,
				1787231124BD537E00D90F8E /* Release */,
			);
			defaultConfigurationIsVisible = 0;
			defaultConfigurationName = Release;
		};
		1787231224BD537E00D90F8E /* Build configuration list for PBXNativeTarget "CleanArchitectureExample" */ = {
			isa = XCConfigurationList;
			buildConfigurations = (
				1787231324BD537E00D90F8E /* Debug */,
				1787231424BD537E00D90F8E /* Release */,
			);
			defaultConfigurationIsVisible = 0;
			defaultConfigurationName = Release;
		};
		1787231524BD537E00D90F8E /* Build configuration list for PBXNativeTarget "CleanArchitectureExampleTests" */ = {
			isa = XCConfigurationList;
			buildConfigurations = (
				1787231624BD537E00D90F8E /* Debug */,
				1787231724BD537E00D90F8E /* Release */,
			);
			defaultConfigurationIsVisible = 0;
			defaultConfigurationName = Release;
		};
/* End XCConfigurationList section */

/* Begin XCRemoteSwiftPackageReference section */
		174A188824C81EEA00AB39D9 /* XCRemoteSwiftPackageReference "SwiftUIRefresh" */ = {
			isa = XCRemoteSwiftPackageReference;
			repositoryURL = "https://github.com/timbersoftware/SwiftUIRefresh.git";
			requirement = {
				kind = upToNextMajorVersion;
				minimumVersion = 0.0.3;
			};
		};
		176BAA3F24D1150700324D3C /* XCRemoteSwiftPackageReference "Reusable" */ = {
			isa = XCRemoteSwiftPackageReference;
			repositoryURL = "https://github.com/AliSoftware/Reusable.git";
			requirement = {
				kind = upToNextMajorVersion;
				minimumVersion = 4.1.1;
			};
		};
		176BAA4D24D1326100324D3C /* XCRemoteSwiftPackageReference "Then" */ = {
			isa = XCRemoteSwiftPackageReference;
			repositoryURL = "https://github.com/devxoul/Then";
			requirement = {
				kind = upToNextMajorVersion;
				minimumVersion = 2.7.0;
			};
		};
		176BAA5D24D2690300324D3C /* XCRemoteSwiftPackageReference "Alamofire" */ = {
			isa = XCRemoteSwiftPackageReference;
			repositoryURL = "https://github.com/Alamofire/Alamofire.git";
			requirement = {
				kind = upToNextMajorVersion;
				minimumVersion = 5.2.2;
			};
		};
		17A5B20224D962B0004BD209 /* XCRemoteSwiftPackageReference "CombineExt" */ = {
			isa = XCRemoteSwiftPackageReference;
			repositoryURL = "https://github.com/CombineCommunity/CombineExt.git";
			requirement = {
				kind = upToNextMajorVersion;
				minimumVersion = 1.2.0;
			};
		};
		17A5B20524D962CB004BD209 /* XCRemoteSwiftPackageReference "CombineCocoa" */ = {
			isa = XCRemoteSwiftPackageReference;
			repositoryURL = "https://github.com/CombineCommunity/CombineCocoa.git";
			requirement = {
				kind = upToNextMajorVersion;
				minimumVersion = 0.1.0;
			};
		};
		17CB2EA92C2BEC3000D6DD37 /* XCRemoteSwiftPackageReference "tech-standard-ios-api" */ = {
			isa = XCRemoteSwiftPackageReference;
			repositoryURL = "https://github.com/sun-asterisk/tech-standard-ios-api";
			requirement = {
				kind = upToNextMajorVersion;
				minimumVersion = 0.1.1;
			};
		};
		17FFEFF72B6A225F00008867 /* XCRemoteSwiftPackageReference "Factory" */ = {
			isa = XCRemoteSwiftPackageReference;
			repositoryURL = "https://github.com/hmlongco/Factory";
			requirement = {
				kind = upToNextMajorVersion;
				minimumVersion = 2.3.1;
			};
		};
		1B425EA824FF8D1A000F7F6B /* XCRemoteSwiftPackageReference "SDWebImage" */ = {
			isa = XCRemoteSwiftPackageReference;
			repositoryURL = "https://github.com/SDWebImage/SDWebImage";
			requirement = {
				kind = upToNextMajorVersion;
				minimumVersion = 5.9.0;
			};
		};
		1B425EAD24FF9058000F7F6B /* XCRemoteSwiftPackageReference "pull-to-refresh" */ = {
			isa = XCRemoteSwiftPackageReference;
			repositoryURL = "https://github.com/eggswift/pull-to-refresh";
			requirement = {
				kind = upToNextMajorVersion;
				minimumVersion = 2.9.3;
			};
		};
		1BD163EF24FF8CA700EBC063 /* XCRemoteSwiftPackageReference "MBProgressHUD" */ = {
			isa = XCRemoteSwiftPackageReference;
			repositoryURL = "https://github.com/jdg/MBProgressHUD";
			requirement = {
				kind = upToNextMajorVersion;
				minimumVersion = 1.2.0;
			};
		};
/* End XCRemoteSwiftPackageReference section */

/* Begin XCSwiftPackageProductDependency section */
		174A188924C81EEA00AB39D9 /* SwiftUIRefresh */ = {
			isa = XCSwiftPackageProductDependency;
			package = 174A188824C81EEA00AB39D9 /* XCRemoteSwiftPackageReference "SwiftUIRefresh" */;
			productName = SwiftUIRefresh;
		};
		176BAA4024D1150700324D3C /* Reusable */ = {
			isa = XCSwiftPackageProductDependency;
			package = 176BAA3F24D1150700324D3C /* XCRemoteSwiftPackageReference "Reusable" */;
			productName = Reusable;
		};
		176BAA4E24D1326100324D3C /* Then */ = {
			isa = XCSwiftPackageProductDependency;
			package = 176BAA4D24D1326100324D3C /* XCRemoteSwiftPackageReference "Then" */;
			productName = Then;
		};
		176BAA5E24D2690300324D3C /* Alamofire */ = {
			isa = XCSwiftPackageProductDependency;
			package = 176BAA5D24D2690300324D3C /* XCRemoteSwiftPackageReference "Alamofire" */;
			productName = Alamofire;
		};
		17A5B20324D962B0004BD209 /* CombineExt */ = {
			isa = XCSwiftPackageProductDependency;
			package = 17A5B20224D962B0004BD209 /* XCRemoteSwiftPackageReference "CombineExt" */;
			productName = CombineExt;
		};
		17A5B20624D962CB004BD209 /* CombineCocoa */ = {
			isa = XCSwiftPackageProductDependency;
			package = 17A5B20524D962CB004BD209 /* XCRemoteSwiftPackageReference "CombineCocoa" */;
			productName = CombineCocoa;
		};
		17CB2EAA2C2BEC3000D6DD37 /* APIService */ = {
			isa = XCSwiftPackageProductDependency;
			package = 17CB2EA92C2BEC3000D6DD37 /* XCRemoteSwiftPackageReference "tech-standard-ios-api" */;
			productName = APIService;
		};
		17FFEFF82B6A225F00008867 /* Factory */ = {
			isa = XCSwiftPackageProductDependency;
			package = 17FFEFF72B6A225F00008867 /* XCRemoteSwiftPackageReference "Factory" */;
			productName = Factory;
		};
		1B425EA924FF8D1A000F7F6B /* SDWebImage */ = {
			isa = XCSwiftPackageProductDependency;
			package = 1B425EA824FF8D1A000F7F6B /* XCRemoteSwiftPackageReference "SDWebImage" */;
			productName = SDWebImage;
		};
		1B425EAB24FF8D1A000F7F6B /* SDWebImageMapKit */ = {
			isa = XCSwiftPackageProductDependency;
			package = 1B425EA824FF8D1A000F7F6B /* XCRemoteSwiftPackageReference "SDWebImage" */;
			productName = SDWebImageMapKit;
		};
		1B425EAE24FF9058000F7F6B /* ESPullToRefresh */ = {
			isa = XCSwiftPackageProductDependency;
			package = 1B425EAD24FF9058000F7F6B /* XCRemoteSwiftPackageReference "pull-to-refresh" */;
			productName = ESPullToRefresh;
		};
		1BD163F024FF8CA700EBC063 /* MBProgressHUD */ = {
			isa = XCSwiftPackageProductDependency;
			package = 1BD163EF24FF8CA700EBC063 /* XCRemoteSwiftPackageReference "MBProgressHUD" */;
			productName = MBProgressHUD;
		};
/* End XCSwiftPackageProductDependency section */
	};
	rootObject = 178722EB24BD537D00D90F8E /* Project object */;
}
